
Microsoft Visual Studio Solution File, Format Version 12.00
# Visual Studio Version 17
VisualStudioVersion = 17.5.002.0
MinimumVisualStudioVersion = 10.0.40219.1
Project("{9A19103F-16F7-4668-BE54-9A1E7A4F7556}") = "Backend", "Backend.csproj", "{AFA7E3B6-946D-407B-A473-B81BEBA11138}"
EndProject
Global
	GlobalSection(SolutionConfigurationPlatforms) = preSolution
		Debug|Any CPU = Debug|Any CPU
		Release|Any CPU = Release|Any CPU
	EndGlobalSection
	GlobalSection(ProjectConfigurationPlatforms) = postSolution
		{AFA7E3B6-946D-407B-A473-B81BEBA11138}.Debug|Any CPU.ActiveCfg = Debug|Any CPU
		{AFA7E3B6-946D-407B-A473-B81BEBA11138}.Debug|Any CPU.Build.0 = Debug|Any CPU
		{AFA7E3B6-946D-407B-A473-B81BEBA11138}.Release|Any CPU.ActiveCfg = Release|Any CPU
		{AFA7E3B6-946D-407B-A473-B81BEBA11138}.Release|Any CPU.Build.0 = Release|Any CPU
	EndGlobalSection
	GlobalSection(SolutionProperties) = preSolution
		HideSolutionNode = FALSE
	EndGlobalSection
	GlobalSection(ExtensibilityGlobals) = postSolution
		SolutionGuid = {2D43DEDB-AC14-4D1A-8D2C-08B81BAD33F0}
	EndGlobalSection
EndGlobal
